// !$*UTF8*$!
{
	archiveVersion = 1;
	classes = {
	};
	objectVersion = 55;
	objects = {

/* Begin PBXBuildFile section */
		76270F2C2886C08D00F5623D /* AppDelegate.swift in Sources */ = {isa = PBXBuildFile; fileRef = 76270F2B2886C08D00F5623D /* AppDelegate.swift */; };
		76270F2E2886C08D00F5623D /* SceneDelegate.swift in Sources */ = {isa = PBXBuildFile; fileRef = 76270F2D2886C08D00F5623D /* SceneDelegate.swift */; };
		76270F332886C08D00F5623D /* Main.storyboard in Resources */ = {isa = PBXBuildFile; fileRef = 76270F312886C08D00F5623D /* Main.storyboard */; };
		76270F362886C08D00F5623D /* StoryboardContact.xcdatamodeld in Sources */ = {isa = PBXBuildFile; fileRef = 76270F342886C08D00F5623D /* StoryboardContact.xcdatamodeld */; };
		76270F382886C08E00F5623D /* Assets.xcassets in Resources */ = {isa = PBXBuildFile; fileRef = 76270F372886C08E00F5623D /* Assets.xcassets */; };
		76270F3B2886C08E00F5623D /* LaunchScreen.storyboard in Resources */ = {isa = PBXBuildFile; fileRef = 76270F392886C08E00F5623D /* LaunchScreen.storyboard */; };
		76270F462886C08E00F5623D /* StoryboardContactTests.swift in Sources */ = {isa = PBXBuildFile; fileRef = 76270F452886C08E00F5623D /* StoryboardContactTests.swift */; };
		76270F502886C08E00F5623D /* StoryboardContactUITests.swift in Sources */ = {isa = PBXBuildFile; fileRef = 76270F4F2886C08E00F5623D /* StoryboardContactUITests.swift */; };
		76270F522886C08E00F5623D /* StoryboardContactUITestsLaunchTests.swift in Sources */ = {isa = PBXBuildFile; fileRef = 76270F512886C08E00F5623D /* StoryboardContactUITestsLaunchTests.swift */; };
		76270F632886C0F800F5623D /* HomeViewController.swift in Sources */ = {isa = PBXBuildFile; fileRef = 76270F612886C0F800F5623D /* HomeViewController.swift */; };
		76270F642886C0F800F5623D /* HomeViewController.xib in Resources */ = {isa = PBXBuildFile; fileRef = 76270F622886C0F800F5623D /* HomeViewController.xib */; };
		76270F662886C25D00F5623D /* BaseViewController.swift in Sources */ = {isa = PBXBuildFile; fileRef = 76270F652886C25D00F5623D /* BaseViewController.swift */; };
		76270F692886C28F00F5623D /* CreateViewController.swift in Sources */ = {isa = PBXBuildFile; fileRef = 76270F672886C28F00F5623D /* CreateViewController.swift */; };
		76270F6A2886C28F00F5623D /* CreateViewController.xib in Resources */ = {isa = PBXBuildFile; fileRef = 76270F682886C28F00F5623D /* CreateViewController.xib */; };
		76270F6D2886C29F00F5623D /* EditViewController.swift in Sources */ = {isa = PBXBuildFile; fileRef = 76270F6B2886C29F00F5623D /* EditViewController.swift */; };
		76270F6E2886C29F00F5623D /* EditViewController.xib in Resources */ = {isa = PBXBuildFile; fileRef = 76270F6C2886C29F00F5623D /* EditViewController.xib */; };
		76270F702886C41800F5623D /* Contact.swift in Sources */ = {isa = PBXBuildFile; fileRef = 76270F6F2886C41800F5623D /* Contact.swift */; };
		76270F742886C53D00F5623D /* ContactTableViewCell.swift in Sources */ = {isa = PBXBuildFile; fileRef = 76270F722886C53D00F5623D /* ContactTableViewCell.swift */; };
		76270F752886C53D00F5623D /* ContactTableViewCell.xib in Resources */ = {isa = PBXBuildFile; fileRef = 76270F732886C53D00F5623D /* ContactTableViewCell.xib */; };
/* End PBXBuildFile section */

/* Begin PBXContainerItemProxy section */
		76270F422886C08E00F5623D /* PBXContainerItemProxy */ = {
			isa = PBXContainerItemProxy;
			containerPortal = 76270F202886C08D00F5623D /* Project object */;
			proxyType = 1;
			remoteGlobalIDString = 76270F272886C08D00F5623D;
			remoteInfo = StoryboardContact;
		};
		76270F4C2886C08E00F5623D /* PBXContainerItemProxy */ = {
			isa = PBXContainerItemProxy;
			containerPortal = 76270F202886C08D00F5623D /* Project object */;
			proxyType = 1;
			remoteGlobalIDString = 76270F272886C08D00F5623D;
			remoteInfo = StoryboardContact;
		};
/* End PBXContainerItemProxy section */

/* Begin PBXFileReference section */
		76270F282886C08D00F5623D /* StoryboardContact.app */ = {isa = PBXFileReference; explicitFileType = wrapper.application; includeInIndex = 0; path = StoryboardContact.app; sourceTree = BUILT_PRODUCTS_DIR; };
		76270F2B2886C08D00F5623D /* AppDelegate.swift */ = {isa = PBXFileReference; lastKnownFileType = sourcecode.swift; path = AppDelegate.swift; sourceTree = "<group>"; };
		76270F2D2886C08D00F5623D /* SceneDelegate.swift */ = {isa = PBXFileReference; lastKnownFileType = sourcecode.swift; path = SceneDelegate.swift; sourceTree = "<group>"; };
		76270F322886C08D00F5623D /* Base */ = {isa = PBXFileReference; lastKnownFileType = file.storyboard; name = Base; path = Base.lproj/Main.storyboard; sourceTree = "<group>"; };
		76270F352886C08D00F5623D /* StoryboardContact.xcdatamodel */ = {isa = PBXFileReference; lastKnownFileType = wrapper.xcdatamodel; path = StoryboardContact.xcdatamodel; sourceTree = "<group>"; };
		76270F372886C08E00F5623D /* Assets.xcassets */ = {isa = PBXFileReference; lastKnownFileType = folder.assetcatalog; path = Assets.xcassets; sourceTree = "<group>"; };
		76270F3A2886C08E00F5623D /* Base */ = {isa = PBXFileReference; lastKnownFileType = file.storyboard; name = Base; path = Base.lproj/LaunchScreen.storyboard; sourceTree = "<group>"; };
		76270F3C2886C08E00F5623D /* Info.plist */ = {isa = PBXFileReference; lastKnownFileType = text.plist.xml; path = Info.plist; sourceTree = "<group>"; };
		76270F412886C08E00F5623D /* StoryboardContactTests.xctest */ = {isa = PBXFileReference; explicitFileType = wrapper.cfbundle; includeInIndex = 0; path = StoryboardContactTests.xctest; sourceTree = BUILT_PRODUCTS_DIR; };
		76270F452886C08E00F5623D /* StoryboardContactTests.swift */ = {isa = PBXFileReference; lastKnownFileType = sourcecode.swift; path = StoryboardContactTests.swift; sourceTree = "<group>"; };
		76270F4B2886C08E00F5623D /* StoryboardContactUITests.xctest */ = {isa = PBXFileReference; explicitFileType = wrapper.cfbundle; includeInIndex = 0; path = StoryboardContactUITests.xctest; sourceTree = BUILT_PRODUCTS_DIR; };
		76270F4F2886C08E00F5623D /* StoryboardContactUITests.swift */ = {isa = PBXFileReference; lastKnownFileType = sourcecode.swift; path = StoryboardContactUITests.swift; sourceTree = "<group>"; };
		76270F512886C08E00F5623D /* StoryboardContactUITestsLaunchTests.swift */ = {isa = PBXFileReference; lastKnownFileType = sourcecode.swift; path = StoryboardContactUITestsLaunchTests.swift; sourceTree = "<group>"; };
		76270F612886C0F800F5623D /* HomeViewController.swift */ = {isa = PBXFileReference; lastKnownFileType = sourcecode.swift; path = HomeViewController.swift; sourceTree = "<group>"; };
		76270F622886C0F800F5623D /* HomeViewController.xib */ = {isa = PBXFileReference; lastKnownFileType = file.xib; path = HomeViewController.xib; sourceTree = "<group>"; };
		76270F652886C25D00F5623D /* BaseViewController.swift */ = {isa = PBXFileReference; lastKnownFileType = sourcecode.swift; path = BaseViewController.swift; sourceTree = "<group>"; };
		76270F672886C28F00F5623D /* CreateViewController.swift */ = {isa = PBXFileReference; lastKnownFileType = sourcecode.swift; path = CreateViewController.swift; sourceTree = "<group>"; };
		76270F682886C28F00F5623D /* CreateViewController.xib */ = {isa = PBXFileReference; lastKnownFileType = file.xib; path = CreateViewController.xib; sourceTree = "<group>"; };
		76270F6B2886C29F00F5623D /* EditViewController.swift */ = {isa = PBXFileReference; lastKnownFileType = sourcecode.swift; path = EditViewController.swift; sourceTree = "<group>"; };
		76270F6C2886C29F00F5623D /* EditViewController.xib */ = {isa = PBXFileReference; lastKnownFileType = file.xib; path = EditViewController.xib; sourceTree = "<group>"; };
		76270F6F2886C41800F5623D /* Contact.swift */ = {isa = PBXFileReference; lastKnownFileType = sourcecode.swift; path = Contact.swift; sourceTree = "<group>"; };
		76270F722886C53D00F5623D /* ContactTableViewCell.swift */ = {isa = PBXFileReference; lastKnownFileType = sourcecode.swift; path = ContactTableViewCell.swift; sourceTree = "<group>"; };
		76270F732886C53D00F5623D /* ContactTableViewCell.xib */ = {isa = PBXFileReference; lastKnownFileType = file.xib; path = ContactTableViewCell.xib; sourceTree = "<group>"; };
/* End PBXFileReference section */

/* Begin PBXFrameworksBuildPhase section */
		76270F252886C08D00F5623D /* Frameworks */ = {
			isa = PBXFrameworksBuildPhase;
			buildActionMask = 2147483647;
			files = (
			);
			runOnlyForDeploymentPostprocessing = 0;
		};
		76270F3E2886C08E00F5623D /* Frameworks */ = {
			isa = PBXFrameworksBuildPhase;
			buildActionMask = 2147483647;
			files = (
			);
			runOnlyForDeploymentPostprocessing = 0;
		};
		76270F482886C08E00F5623D /* Frameworks */ = {
			isa = PBXFrameworksBuildPhase;
			buildActionMask = 2147483647;
			files = (
			);
			runOnlyForDeploymentPostprocessing = 0;
		};
/* End PBXFrameworksBuildPhase section */

/* Begin PBXGroup section */
		76270F1F2886C08D00F5623D = {
			isa = PBXGroup;
			children = (
				76270F2A2886C08D00F5623D /* StoryboardContact */,
				76270F442886C08E00F5623D /* StoryboardContactTests */,
				76270F4E2886C08E00F5623D /* StoryboardContactUITests */,
				76270F292886C08D00F5623D /* Products */,
			);
			sourceTree = "<group>";
		};
		76270F292886C08D00F5623D /* Products */ = {
			isa = PBXGroup;
			children = (
				76270F282886C08D00F5623D /* StoryboardContact.app */,
				76270F412886C08E00F5623D /* StoryboardContactTests.xctest */,
				76270F4B2886C08E00F5623D /* StoryboardContactUITests.xctest */,
			);
			name = Products;
			sourceTree = "<group>";
		};
		76270F2A2886C08D00F5623D /* StoryboardContact */ = {
			isa = PBXGroup;
			children = (
				76270F712886C52600F5623D /* cell */,
				76270F5E2886C09E00F5623D /* controllers */,
				76270F602886C0C600F5623D /* model */,
				76270F5F2886C0AB00F5623D /* apputils */,
				76270F2B2886C08D00F5623D /* AppDelegate.swift */,
				76270F2D2886C08D00F5623D /* SceneDelegate.swift */,
				76270F3C2886C08E00F5623D /* Info.plist */,
				76270F342886C08D00F5623D /* StoryboardContact.xcdatamodeld */,
			);
			path = StoryboardContact;
			sourceTree = "<group>";
		};
		76270F442886C08E00F5623D /* StoryboardContactTests */ = {
			isa = PBXGroup;
			children = (
				76270F452886C08E00F5623D /* StoryboardContactTests.swift */,
			);
			path = StoryboardContactTests;
			sourceTree = "<group>";
		};
		76270F4E2886C08E00F5623D /* StoryboardContactUITests */ = {
			isa = PBXGroup;
			children = (
				76270F4F2886C08E00F5623D /* StoryboardContactUITests.swift */,
				76270F512886C08E00F5623D /* StoryboardContactUITestsLaunchTests.swift */,
			);
			path = StoryboardContactUITests;
			sourceTree = "<group>";
		};
		76270F5E2886C09E00F5623D /* controllers */ = {
			isa = PBXGroup;
			children = (
				76270F652886C25D00F5623D /* BaseViewController.swift */,
				76270F612886C0F800F5623D /* HomeViewController.swift */,
				76270F622886C0F800F5623D /* HomeViewController.xib */,
				76270F672886C28F00F5623D /* CreateViewController.swift */,
				76270F682886C28F00F5623D /* CreateViewController.xib */,
				76270F6B2886C29F00F5623D /* EditViewController.swift */,
				76270F6C2886C29F00F5623D /* EditViewController.xib */,
			);
			path = controllers;
			sourceTree = "<group>";
		};
		76270F5F2886C0AB00F5623D /* apputils */ = {
			isa = PBXGroup;
			children = (
				76270F372886C08E00F5623D /* Assets.xcassets */,
				76270F312886C08D00F5623D /* Main.storyboard */,
				76270F392886C08E00F5623D /* LaunchScreen.storyboard */,
			);
			path = apputils;
			sourceTree = "<group>";
		};
		76270F602886C0C600F5623D /* model */ = {
			isa = PBXGroup;
			children = (
				76270F6F2886C41800F5623D /* Contact.swift */,
			);
			path = model;
			sourceTree = "<group>";
		};
		76270F712886C52600F5623D /* cell */ = {
			isa = PBXGroup;
			children = (
				76270F722886C53D00F5623D /* ContactTableViewCell.swift */,
				76270F732886C53D00F5623D /* ContactTableViewCell.xib */,
			);
			path = cell;
			sourceTree = "<group>";
		};
/* End PBXGroup section */

/* Begin PBXNativeTarget section */
		76270F272886C08D00F5623D /* StoryboardContact */ = {
			isa = PBXNativeTarget;
			buildConfigurationList = 76270F552886C08E00F5623D /* Build configuration list for PBXNativeTarget "StoryboardContact" */;
			buildPhases = (
				76270F242886C08D00F5623D /* Sources */,
				76270F252886C08D00F5623D /* Frameworks */,
				76270F262886C08D00F5623D /* Resources */,
			);
			buildRules = (
			);
			dependencies = (
			);
			name = StoryboardContact;
			productName = StoryboardContact;
			productReference = 76270F282886C08D00F5623D /* StoryboardContact.app */;
			productType = "com.apple.product-type.application";
		};
		76270F402886C08E00F5623D /* StoryboardContactTests */ = {
			isa = PBXNativeTarget;
			buildConfigurationList = 76270F582886C08E00F5623D /* Build configuration list for PBXNativeTarget "StoryboardContactTests" */;
			buildPhases = (
				76270F3D2886C08E00F5623D /* Sources */,
				76270F3E2886C08E00F5623D /* Frameworks */,
				76270F3F2886C08E00F5623D /* Resources */,
			);
			buildRules = (
			);
			dependencies = (
				76270F432886C08E00F5623D /* PBXTargetDependency */,
			);
			name = StoryboardContactTests;
			productName = StoryboardContactTests;
			productReference = 76270F412886C08E00F5623D /* StoryboardContactTests.xctest */;
			productType = "com.apple.product-type.bundle.unit-test";
		};
		76270F4A2886C08E00F5623D /* StoryboardContactUITests */ = {
			isa = PBXNativeTarget;
			buildConfigurationList = 76270F5B2886C08E00F5623D /* Build configuration list for PBXNativeTarget "StoryboardContactUITests" */;
			buildPhases = (
				76270F472886C08E00F5623D /* Sources */,
				76270F482886C08E00F5623D /* Frameworks */,
				76270F492886C08E00F5623D /* Resources */,
			);
			buildRules = (
			);
			dependencies = (
				76270F4D2886C08E00F5623D /* PBXTargetDependency */,
			);
			name = StoryboardContactUITests;
			productName = StoryboardContactUITests;
			productReference = 76270F4B2886C08E00F5623D /* StoryboardContactUITests.xctest */;
			productType = "com.apple.product-type.bundle.ui-testing";
		};
/* End PBXNativeTarget section */

/* Begin PBXProject section */
		76270F202886C08D00F5623D /* Project object */ = {
			isa = PBXProject;
			attributes = {
				BuildIndependentTargetsInParallel = 1;
				LastSwiftUpdateCheck = 1340;
				LastUpgradeCheck = 1340;
				TargetAttributes = {
					76270F272886C08D00F5623D = {
						CreatedOnToolsVersion = 13.4.1;
					};
					76270F402886C08E00F5623D = {
						CreatedOnToolsVersion = 13.4.1;
						TestTargetID = 76270F272886C08D00F5623D;
					};
					76270F4A2886C08E00F5623D = {
						CreatedOnToolsVersion = 13.4.1;
						TestTargetID = 76270F272886C08D00F5623D;
					};
				};
			};
			buildConfigurationList = 76270F232886C08D00F5623D /* Build configuration list for PBXProject "StoryboardContact" */;
			compatibilityVersion = "Xcode 13.0";
			developmentRegion = en;
			hasScannedForEncodings = 0;
			knownRegions = (
				en,
				Base,
			);
			mainGroup = 76270F1F2886C08D00F5623D;
			productRefGroup = 76270F292886C08D00F5623D /* Products */;
			projectDirPath = "";
			projectRoot = "";
			targets = (
				76270F272886C08D00F5623D /* StoryboardContact */,
				76270F402886C08E00F5623D /* StoryboardContactTests */,
				76270F4A2886C08E00F5623D /* StoryboardContactUITests */,
			);
		};
/* End PBXProject section */

/* Begin PBXResourcesBuildPhase section */
		76270F262886C08D00F5623D /* Resources */ = {
			isa = PBXResourcesBuildPhase;
			buildActionMask = 2147483647;
			files = (
				76270F6E2886C29F00F5623D /* EditViewController.xib in Resources */,
				76270F3B2886C08E00F5623D /* LaunchScreen.storyboard in Resources */,
				76270F752886C53D00F5623D /* ContactTableViewCell.xib in Resources */,
				76270F6A2886C28F00F5623D /* CreateViewController.xib in Resources */,
				76270F382886C08E00F5623D /* Assets.xcassets in Resources */,
				76270F332886C08D00F5623D /* Main.storyboard in Resources */,
				76270F642886C0F800F5623D /* HomeViewController.xib in Resources */,
			);
			runOnlyForDeploymentPostprocessing = 0;
		};
		76270F3F2886C08E00F5623D /* Resources */ = {
			isa = PBXResourcesBuildPhase;
			buildActionMask = 2147483647;
			files = (
			);
			runOnlyForDeploymentPostprocessing = 0;
		};
		76270F492886C08E00F5623D /* Resources */ = {
			isa = PBXResourcesBuildPhase;
			buildActionMask = 2147483647;
			files = (
			);
			runOnlyForDeploymentPostprocessing = 0;
		};
/* End PBXResourcesBuildPhase section */

/* Begin PBXSourcesBuildPhase section */
		76270F242886C08D00F5623D /* Sources */ = {
			isa = PBXSourcesBuildPhase;
			buildActionMask = 2147483647;
			files = (
				76270F662886C25D00F5623D /* BaseViewController.swift in Sources */,
				76270F2C2886C08D00F5623D /* AppDelegate.swift in Sources */,
				76270F692886C28F00F5623D /* CreateViewController.swift in Sources */,
				76270F2E2886C08D00F5623D /* SceneDelegate.swift in Sources */,
				76270F702886C41800F5623D /* Contact.swift in Sources */,
				76270F362886C08D00F5623D /* StoryboardContact.xcdatamodeld in Sources */,
				76270F742886C53D00F5623D /* ContactTableViewCell.swift in Sources */,
				76270F632886C0F800F5623D /* HomeViewController.swift in Sources */,
				76270F6D2886C29F00F5623D /* EditViewController.swift in Sources */,
			);
			runOnlyForDeploymentPostprocessing = 0;
		};
		76270F3D2886C08E00F5623D /* Sources */ = {
			isa = PBXSourcesBuildPhase;
			buildActionMask = 2147483647;
			files = (
				76270F462886C08E00F5623D /* StoryboardContactTests.swift in Sources */,
			);
			runOnlyForDeploymentPostprocessing = 0;
		};
		76270F472886C08E00F5623D /* Sources */ = {
			isa = PBXSourcesBuildPhase;
			buildActionMask = 2147483647;
			files = (
				76270F522886C08E00F5623D /* StoryboardContactUITestsLaunchTests.swift in Sources */,
				76270F502886C08E00F5623D /* StoryboardContactUITests.swift in Sources */,
			);
			runOnlyForDeploymentPostprocessing = 0;
		};
/* End PBXSourcesBuildPhase section */

/* Begin PBXTargetDependency section */
		76270F432886C08E00F5623D /* PBXTargetDependency */ = {
			isa = PBXTargetDependency;
			target = 76270F272886C08D00F5623D /* StoryboardContact */;
			targetProxy = 76270F422886C08E00F5623D /* PBXContainerItemProxy */;
		};
		76270F4D2886C08E00F5623D /* PBXTargetDependency */ = {
			isa = PBXTargetDependency;
			target = 76270F272886C08D00F5623D /* StoryboardContact */;
			targetProxy = 76270F4C2886C08E00F5623D /* PBXContainerItemProxy */;
		};
/* End PBXTargetDependency section */

/* Begin PBXVariantGroup section */
		76270F312886C08D00F5623D /* Main.storyboard */ = {
			isa = PBXVariantGroup;
			children = (
				76270F322886C08D00F5623D /* Base */,
			);
			name = Main.storyboard;
			sourceTree = "<group>";
		};
		76270F392886C08E00F5623D /* LaunchScreen.storyboard */ = {
			isa = PBXVariantGroup;
			children = (
				76270F3A2886C08E00F5623D /* Base */,
			);
			name = LaunchScreen.storyboard;
			sourceTree = "<group>";
		};
/* End PBXVariantGroup section */

/* Begin XCBuildConfiguration section */
		76270F532886C08E00F5623D /* Debug */ = {
			isa = XCBuildConfiguration;
			buildSettings = {
				ALWAYS_SEARCH_USER_PATHS = NO;
				CLANG_ANALYZER_NONNULL = YES;
				CLANG_ANALYZER_NUMBER_OBJECT_CONVERSION = YES_AGGRESSIVE;
				CLANG_CXX_LANGUAGE_STANDARD = "gnu++17";
				CLANG_ENABLE_MODULES = YES;
				CLANG_ENABLE_OBJC_ARC = YES;
				CLANG_ENABLE_OBJC_WEAK = YES;
				CLANG_WARN_BLOCK_CAPTURE_AUTORELEASING = YES;
				CLANG_WARN_BOOL_CONVERSION = YES;
				CLANG_WARN_COMMA = YES;
				CLANG_WARN_CONSTANT_CONVERSION = YES;
				CLANG_WARN_DEPRECATED_OBJC_IMPLEMENTATIONS = YES;
				CLANG_WARN_DIRECT_OBJC_ISA_USAGE = YES_ERROR;
				CLANG_WARN_DOCUMENTATION_COMMENTS = YES;
				CLANG_WARN_EMPTY_BODY = YES;
				CLANG_WARN_ENUM_CONVERSION = YES;
				CLANG_WARN_INFINITE_RECURSION = YES;
				CLANG_WARN_INT_CONVERSION = YES;
				CLANG_WARN_NON_LITERAL_NULL_CONVERSION = YES;
				CLANG_WARN_OBJC_IMPLICIT_RETAIN_SELF = YES;
				CLANG_WARN_OBJC_LITERAL_CONVERSION = YES;
				CLANG_WARN_OBJC_ROOT_CLASS = YES_ERROR;
				CLANG_WARN_QUOTED_INCLUDE_IN_FRAMEWORK_HEADER = YES;
				CLANG_WARN_RANGE_LOOP_ANALYSIS = YES;
				CLANG_WARN_STRICT_PROTOTYPES = YES;
				CLANG_WARN_SUSPICIOUS_MOVE = YES;
				CLANG_WARN_UNGUARDED_AVAILABILITY = YES_AGGRESSIVE;
				CLANG_WARN_UNREACHABLE_CODE = YES;
				CLANG_WARN__DUPLICATE_METHOD_MATCH = YES;
				COPY_PHASE_STRIP = NO;
				DEBUG_INFORMATION_FORMAT = dwarf;
				ENABLE_STRICT_OBJC_MSGSEND = YES;
				ENABLE_TESTABILITY = YES;
				GCC_C_LANGUAGE_STANDARD = gnu11;
				GCC_DYNAMIC_NO_PIC = NO;
				GCC_NO_COMMON_BLOCKS = YES;
				GCC_OPTIMIZATION_LEVEL = 0;
				GCC_PREPROCESSOR_DEFINITIONS = (
					"DEBUG=1",
					"$(inherited)",
				);
				GCC_WARN_64_TO_32_BIT_CONVERSION = YES;
				GCC_WARN_ABOUT_RETURN_TYPE = YES_ERROR;
				GCC_WARN_UNDECLARED_SELECTOR = YES;
				GCC_WARN_UNINITIALIZED_AUTOS = YES_AGGRESSIVE;
				GCC_WARN_UNUSED_FUNCTION = YES;
				GCC_WARN_UNUSED_VARIABLE = YES;
				IPHONEOS_DEPLOYMENT_TARGET = 15.5;
				MTL_ENABLE_DEBUG_INFO = INCLUDE_SOURCE;
				MTL_FAST_MATH = YES;
				ONLY_ACTIVE_ARCH = YES;
				SDKROOT = iphoneos;
				SWIFT_ACTIVE_COMPILATION_CONDITIONS = DEBUG;
				SWIFT_OPTIMIZATION_LEVEL = "-Onone";
			};
			name = Debug;
		};
		76270F542886C08E00F5623D /* Release */ = {
			isa = XCBuildConfiguration;
			buildSettings = {
				ALWAYS_SEARCH_USER_PATHS = NO;
				CLANG_ANALYZER_NONNULL = YES;
				CLANG_ANALYZER_NUMBER_OBJECT_CONVERSION = YES_AGGRESSIVE;
				CLANG_CXX_LANGUAGE_STANDARD = "gnu++17";
				CLANG_ENABLE_MODULES = YES;
				CLANG_ENABLE_OBJC_ARC = YES;
				CLANG_ENABLE_OBJC_WEAK = YES;
				CLANG_WARN_BLOCK_CAPTURE_AUTORELEASING = YES;
				CLANG_WARN_BOOL_CONVERSION = YES;
				CLANG_WARN_COMMA = YES;
				CLANG_WARN_CONSTANT_CONVERSION = YES;
				CLANG_WARN_DEPRECATED_OBJC_IMPLEMENTATIONS = YES;
				CLANG_WARN_DIRECT_OBJC_ISA_USAGE = YES_ERROR;
				CLANG_WARN_DOCUMENTATION_COMMENTS = YES;
				CLANG_WARN_EMPTY_BODY = YES;
				CLANG_WARN_ENUM_CONVERSION = YES;
				CLANG_WARN_INFINITE_RECURSION = YES;
				CLANG_WARN_INT_CONVERSION = YES;
				CLANG_WARN_NON_LITERAL_NULL_CONVERSION = YES;
				CLANG_WARN_OBJC_IMPLICIT_RETAIN_SELF = YES;
				CLANG_WARN_OBJC_LITERAL_CONVERSION = YES;
				CLANG_WARN_OBJC_ROOT_CLASS = YES_ERROR;
				CLANG_WARN_QUOTED_INCLUDE_IN_FRAMEWORK_HEADER = YES;
				CLANG_WARN_RANGE_LOOP_ANALYSIS = YES;
				CLANG_WARN_STRICT_PROTOTYPES = YES;
				CLANG_WARN_SUSPICIOUS_MOVE = YES;
				CLANG_WARN_UNGUARDED_AVAILABILITY = YES_AGGRESSIVE;
				CLANG_WARN_UNREACHABLE_CODE = YES;
				CLANG_WARN__DUPLICATE_METHOD_MATCH = YES;
				COPY_PHASE_STRIP = NO;
				DEBUG_INFORMATION_FORMAT = "dwarf-with-dsym";
				ENABLE_NS_ASSERTIONS = NO;
				ENABLE_STRICT_OBJC_MSGSEND = YES;
				GCC_C_LANGUAGE_STANDARD = gnu11;
				GCC_NO_COMMON_BLOCKS = YES;
				GCC_WARN_64_TO_32_BIT_CONVERSION = YES;
				GCC_WARN_ABOUT_RETURN_TYPE = YES_ERROR;
				GCC_WARN_UNDECLARED_SELECTOR = YES;
				GCC_WARN_UNINITIALIZED_AUTOS = YES_AGGRESSIVE;
				GCC_WARN_UNUSED_FUNCTION = YES;
				GCC_WARN_UNUSED_VARIABLE = YES;
				IPHONEOS_DEPLOYMENT_TARGET = 15.5;
				MTL_ENABLE_DEBUG_INFO = NO;
				MTL_FAST_MATH = YES;
				SDKROOT = iphoneos;
				SWIFT_COMPILATION_MODE = wholemodule;
				SWIFT_OPTIMIZATION_LEVEL = "-O";
				VALIDATE_PRODUCT = YES;
			};
			name = Release;
		};
		76270F562886C08E00F5623D /* Debug */ = {
			isa = XCBuildConfiguration;
			buildSettings = {
				ASSETCATALOG_COMPILER_APPICON_NAME = AppIcon;
				ASSETCATALOG_COMPILER_GLOBAL_ACCENT_COLOR_NAME = AccentColor;
				CODE_SIGN_STYLE = Automatic;
				CURRENT_PROJECT_VERSION = 1;
				GENERATE_INFOPLIST_FILE = YES;
				INFOPLIST_FILE = StoryboardContact/Info.plist;
				INFOPLIST_KEY_UIApplicationSupportsIndirectInputEvents = YES;
				INFOPLIST_KEY_UILaunchStoryboardName = LaunchScreen;
				INFOPLIST_KEY_UIMainStoryboardFile = Main;
				INFOPLIST_KEY_UISupportedInterfaceOrientations_iPad = "UIInterfaceOrientationPortrait UIInterfaceOrientationPortraitUpsideDown UIInterfaceOrientationLandscapeLeft UIInterfaceOrientationLandscapeRight";
				INFOPLIST_KEY_UISupportedInterfaceOrientations_iPhone = "UIInterfaceOrientationPortrait UIInterfaceOrientationLandscapeLeft UIInterfaceOrientationLandscapeRight";
				LD_RUNPATH_SEARCH_PATHS = (
					"$(inherited)",
					"@executable_path/Frameworks",
				);
				MARKETING_VERSION = 1.0;
				PRODUCT_BUNDLE_IDENTIFIER = cpp.StoryboardContact;
				PRODUCT_NAME = "$(TARGET_NAME)";
				SWIFT_EMIT_LOC_STRINGS = YES;
				SWIFT_VERSION = 5.0;
				TARGETED_DEVICE_FAMILY = "1,2";
			};
			name = Debug;
		};
		76270F572886C08E00F5623D /* Release */ = {
			isa = XCBuildConfiguration;
			buildSettings = {
				ASSETCATALOG_COMPILER_APPICON_NAME = AppIcon;
				ASSETCATALOG_COMPILER_GLOBAL_ACCENT_COLOR_NAME = AccentColor;
				CODE_SIGN_STYLE = Automatic;
				CURRENT_PROJECT_VERSION = 1;
				GENERATE_INFOPLIST_FILE = YES;
				INFOPLIST_FILE = StoryboardContact/Info.plist;
				INFOPLIST_KEY_UIApplicationSupportsIndirectInputEvents = YES;
				INFOPLIST_KEY_UILaunchStoryboardName = LaunchScreen;
				INFOPLIST_KEY_UIMainStoryboardFile = Main;
				INFOPLIST_KEY_UISupportedInterfaceOrientations_iPad = "UIInterfaceOrientationPortrait UIInterfaceOrientationPortraitUpsideDown UIInterfaceOrientationLandscapeLeft UIInterfaceOrientationLandscapeRight";
				INFOPLIST_KEY_UISupportedInterfaceOrientations_iPhone = "UIInterfaceOrientationPortrait UIInterfaceOrientationLandscapeLeft UIInterfaceOrientationLandscapeRight";
				LD_RUNPATH_SEARCH_PATHS = (
					"$(inherited)",
					"@executable_path/Frameworks",
				);
				MARKETING_VERSION = 1.0;
				PRODUCT_BUNDLE_IDENTIFIER = cpp.StoryboardContact;
				PRODUCT_NAME = "$(TARGET_NAME)";
				SWIFT_EMIT_LOC_STRINGS = YES;
				SWIFT_VERSION = 5.0;
				TARGETED_DEVICE_FAMILY = "1,2";
			};
			name = Release;
		};
		76270F592886C08E00F5623D /* Debug */ = {
			isa = XCBuildConfiguration;
			buildSettings = {
				ALWAYS_EMBED_SWIFT_STANDARD_LIBRARIES = YES;
				BUNDLE_LOADER = "$(TEST_HOST)";
				CODE_SIGN_STYLE = Automatic;
				CURRENT_PROJECT_VERSION = 1;
				GENERATE_INFOPLIST_FILE = YES;
				IPHONEOS_DEPLOYMENT_TARGET = 15.5;
				MARKETING_VERSION = 1.0;
				PRODUCT_BUNDLE_IDENTIFIER = cpp.StoryboardContactTests;
				PRODUCT_NAME = "$(TARGET_NAME)";
				SWIFT_EMIT_LOC_STRINGS = NO;
				SWIFT_VERSION = 5.0;
				TARGETED_DEVICE_FAMILY = "1,2";
				TEST_HOST = "$(BUILT_PRODUCTS_DIR)/StoryboardContact.app/StoryboardContact";
			};
			name = Debug;
		};
		76270F5A2886C08E00F5623D /* Release */ = {
			isa = XCBuildConfiguration;
			buildSettings = {
				ALWAYS_EMBED_SWIFT_STANDARD_LIBRARIES = YES;
				BUNDLE_LOADER = "$(TEST_HOST)";
				CODE_SIGN_STYLE = Automatic;
				CURRENT_PROJECT_VERSION = 1;
				GENERATE_INFOPLIST_FILE = YES;
				IPHONEOS_DEPLOYMENT_TARGET = 15.5;
				MARKETING_VERSION = 1.0;
				PRODUCT_BUNDLE_IDENTIFIER = cpp.StoryboardContactTests;
				PRODUCT_NAME = "$(TARGET_NAME)";
				SWIFT_EMIT_LOC_STRINGS = NO;
				SWIFT_VERSION = 5.0;
				TARGETED_DEVICE_FAMILY = "1,2";
				TEST_HOST = "$(BUILT_PRODUCTS_DIR)/StoryboardContact.app/StoryboardContact";
			};
			name = Release;
		};
		76270F5C2886C08E00F5623D /* Debug */ = {
			isa = XCBuildConfiguration;
			buildSettings = {
				ALWAYS_EMBED_SWIFT_STANDARD_LIBRARIES = YES;
				CODE_SIGN_STYLE = Automatic;
				CURRENT_PROJECT_VERSION = 1;
				GENERATE_INFOPLIST_FILE = YES;
				MARKETING_VERSION = 1.0;
				PRODUCT_BUNDLE_IDENTIFIER = cpp.StoryboardContactUITests;
				PRODUCT_NAME = "$(TARGET_NAME)";
				SWIFT_EMIT_LOC_STRINGS = NO;
				SWIFT_VERSION = 5.0;
				TARGETED_DEVICE_FAMILY = "1,2";
				TEST_TARGET_NAME = StoryboardContact;
			};
			name = Debug;
		};
		76270F5D2886C08E00F5623D /* Release */ = {
			isa = XCBuildConfiguration;
			buildSettings = {
				ALWAYS_EMBED_SWIFT_STANDARD_LIBRARIES = YES;
				CODE_SIGN_STYLE = Automatic;
				CURRENT_PROJECT_VERSION = 1;
				GENERATE_INFOPLIST_FILE = YES;
				MARKETING_VERSION = 1.0;
				PRODUCT_BUNDLE_IDENTIFIER = cpp.StoryboardContactUITests;
				PRODUCT_NAME = "$(TARGET_NAME)";
				SWIFT_EMIT_LOC_STRINGS = NO;
				SWIFT_VERSION = 5.0;
				TARGETED_DEVICE_FAMILY = "1,2";
				TEST_TARGET_NAME = StoryboardContact;
			};
			name = Release;
		};
/* End XCBuildConfiguration section */

/* Begin XCConfigurationList section */
		76270F232886C08D00F5623D /* Build configuration list for PBXProject "StoryboardContact" */ = {
			isa = XCConfigurationList;
			buildConfigurations = (
				76270F532886C08E00F5623D /* Debug */,
				76270F542886C08E00F5623D /* Release */,
			);
			defaultConfigurationIsVisible = 0;
			defaultConfigurationName = Release;
		};
		76270F552886C08E00F5623D /* Build configuration list for PBXNativeTarget "StoryboardContact" */ = {
			isa = XCConfigurationList;
			buildConfigurations = (
				76270F562886C08E00F5623D /* Debug */,
				76270F572886C08E00F5623D /* Release */,
			);
			defaultConfigurationIsVisible = 0;
			defaultConfigurationName = Release;
		};
		76270F582886C08E00F5623D /* Build configuration list for PBXNativeTarget "StoryboardContactTests" */ = {
			isa = XCConfigurationList;
			buildConfigurations = (
				76270F592886C08E00F5623D /* Debug */,
				76270F5A2886C08E00F5623D /* Release */,
			);
			defaultConfigurationIsVisible = 0;
			defaultConfigurationName = Release;
		};
		76270F5B2886C08E00F5623D /* Build configuration list for PBXNativeTarget "StoryboardContactUITests" */ = {
			isa = XCConfigurationList;
			buildConfigurations = (
				76270F5C2886C08E00F5623D /* Debug */,
				76270F5D2886C08E00F5623D /* Release */,
			);
			defaultConfigurationIsVisible = 0;
			defaultConfigurationName = Release;
		};
/* End XCConfigurationList section */

/* Begin XCVersionGroup section */
		76270F342886C08D00F5623D /* StoryboardContact.xcdatamodeld */ = {
			isa = XCVersionGroup;
			children = (
				76270F352886C08D00F5623D /* StoryboardContact.xcdatamodel */,
			);
			currentVersion = 76270F352886C08D00F5623D /* StoryboardContact.xcdatamodel */;
			path = StoryboardContact.xcdatamodeld;
			sourceTree = "<group>";
			versionGroupType = wrapper.xcdatamodel;
		};
/* End XCVersionGroup section */
	};
	rootObject = 76270F202886C08D00F5623D /* Project object */;
}
